
Microsoft Visual Studio Solution File, Format Version 12.00
# Visual Studio Version 17
VisualStudioVersion = 17.10.35027.167
MinimumVisualStudioVersion = 10.0.40219.1
Project("{FAE04EC0-301F-11D3-BF4B-00C04F79EFBC}") = "arquivos", "arquivos\arquivos.csproj", "{75DD81E5-9F23-40CD-9386-3ACF5C9DC94A}"
EndProject
Global
	GlobalSection(SolutionConfigurationPlatforms) = preSolution
		Debug|Any CPU = Debug|Any CPU
		Release|Any CPU = Release|Any CPU
	EndGlobalSection
	GlobalSection(ProjectConfigurationPlatforms) = postSolution
		{75DD81E5-9F23-40CD-9386-3ACF5C9DC94A}.Debug|Any CPU.ActiveCfg = Debug|Any CPU
		{75DD81E5-9F23-40CD-9386-3ACF5C9DC94A}.Debug|Any CPU.Build.0 = Debug|Any CPU
		{75DD81E5-9F23-40CD-9386-3ACF5C9DC94A}.Release|Any CPU.ActiveCfg = Release|Any CPU
		{75DD81E5-9F23-40CD-9386-3ACF5C9DC94A}.Release|Any CPU.Build.0 = Release|Any CPU
	EndGlobalSection
	GlobalSection(SolutionProperties) = preSolution
		HideSolutionNode = FALSE
	EndGlobalSection
	GlobalSection(ExtensibilityGlobals) = postSolution
		SolutionGuid = {F491147F-014D-43CA-8D1A-6439FEA45469}
	EndGlobalSection
EndGlobal
